dependencies:
- name: fleetman-position-simulator
  repository: file://../fleetman-position-simulator
  version: 0.1.0
- name: fleetman-api-gateway
  repository: file://../fleetman-api-gateway
  version: 0.1.0
- name: fleetman-mongodb
  repository: file://../fleetman-mongodb
  version: 0.1.0
- name: fleetman-position-tracker
  repository: file://../fleetman-position-tracker
  version: 0.1.0
- name: fleetman-queue
  repository: file://../fleetman-queue
  version: 0.1.0
- name: fleetman-webapp
  repository: file://../fleetman-webapp
  version: 0.1.0
- name: namespace
  repository: file://../namespace
  version: 0.1.0
digest: sha256:5e93858f72d50b4a67a590dce571b478e42f9ca8ed833a636e8b5f243c88ce75
generated: "2025-11-09T19:20:45.842100458+01:00"
